
Microsoft Visual Studio Solution File, Format Version 12.00
# Visual Studio 15
Project("{FAE04EC0-301F-11D3-BF4B-00C04F79EFBC}") = "AirportTests", "AirportChallengeTests\AirportTests.csproj", "{CF6DD9AB-3E5C-4CA4-A71A-E576B0102269}"
EndProject
Project("{FAE04EC0-301F-11D3-BF4B-00C04F79EFBC}") = "Airport", "Airport\Airport.csproj", "{A09E0A96-FF9F-422C-BEDA-875B95728A02}"
EndProject
Global
	GlobalSection(SolutionConfigurationPlatforms) = preSolution
		Debug|anycpu = Debug|anycpu
		Release|anycpu = Release|anycpu
	EndGlobalSection
	GlobalSection(ProjectConfigurationPlatforms) = postSolution
		{CF6DD9AB-3E5C-4CA4-A71A-E576B0102269}.Debug|anycpu.ActiveCfg = Debug|Any CPU
		{CF6DD9AB-3E5C-4CA4-A71A-E576B0102269}.Debug|anycpu.Build.0 = Debug|Any CPU
		{CF6DD9AB-3E5C-4CA4-A71A-E576B0102269}.Release|anycpu.ActiveCfg = Release|Any CPU
		{CF6DD9AB-3E5C-4CA4-A71A-E576B0102269}.Release|anycpu.Build.0 = Release|Any CPU
		{A09E0A96-FF9F-422C-BEDA-875B95728A02}.Debug|anycpu.ActiveCfg = Debug|Any CPU
		{A09E0A96-FF9F-422C-BEDA-875B95728A02}.Debug|anycpu.Build.0 = Debug|Any CPU
		{A09E0A96-FF9F-422C-BEDA-875B95728A02}.Release|anycpu.ActiveCfg = Release|Any CPU
		{A09E0A96-FF9F-422C-BEDA-875B95728A02}.Release|anycpu.Build.0 = Release|Any CPU
	EndGlobalSection
EndGlobal
