
Microsoft Visual Studio Solution File, Format Version 12.00
# Visual Studio 15
Project("{FAE04EC0-301F-11D3-BF4B-00C04F79EFBC}") = "Airport", "Air\Airport.csproj", "{6F02F23D-B12C-41DD-93D3-BED591959DB2}"
EndProject
Project("{FAE04EC0-301F-11D3-BF4B-00C04F79EFBC}") = "AirportTests", "AirportTests\AirportTests.csproj", "{2B0C1AB5-97F4-42FC-9D49-E494EEB31B1C}"
EndProject
Global
	GlobalSection(SolutionConfigurationPlatforms) = preSolution
		Debug|Any CPU = Debug|Any CPU
		Release|Any CPU = Release|Any CPU
	EndGlobalSection
	GlobalSection(ProjectConfigurationPlatforms) = postSolution
		{6F02F23D-B12C-41DD-93D3-BED591959DB2}.Debug|Any CPU.ActiveCfg = Debug|Any CPU
		{6F02F23D-B12C-41DD-93D3-BED591959DB2}.Debug|Any CPU.Build.0 = Debug|Any CPU
		{6F02F23D-B12C-41DD-93D3-BED591959DB2}.Release|Any CPU.ActiveCfg = Release|Any CPU
		{6F02F23D-B12C-41DD-93D3-BED591959DB2}.Release|Any CPU.Build.0 = Release|Any CPU
		{2B0C1AB5-97F4-42FC-9D49-E494EEB31B1C}.Debug|Any CPU.ActiveCfg = Debug|Any CPU
		{2B0C1AB5-97F4-42FC-9D49-E494EEB31B1C}.Debug|Any CPU.Build.0 = Debug|Any CPU
		{2B0C1AB5-97F4-42FC-9D49-E494EEB31B1C}.Release|Any CPU.ActiveCfg = Release|Any CPU
		{2B0C1AB5-97F4-42FC-9D49-E494EEB31B1C}.Release|Any CPU.Build.0 = Release|Any CPU
	EndGlobalSection
EndGlobal
