
Microsoft Visual Studio Solution File, Format Version 12.00
# Visual Studio 15
Project("{FAE04EC0-301F-11D3-BF4B-00C04F79EFBC}") = "Airport", "Airport\Airport.csproj", "{A09E0A96-FF9F-422C-BEDA-875B95728A02}"
EndProject
Project("{FAE04EC0-301F-11D3-BF4B-00C04F79EFBC}") = "AirportTests", "AirportTests\AirportTests.csproj", "{AEB4CCC3-48FA-406C-9F24-B69A8576B859}"
EndProject
Global
	GlobalSection(SolutionConfigurationPlatforms) = preSolution
		Debug|anycpu = Debug|anycpu
		Release|anycpu = Release|anycpu
	EndGlobalSection
	GlobalSection(ProjectConfigurationPlatforms) = postSolution
		{A09E0A96-FF9F-422C-BEDA-875B95728A02}.Debug|anycpu.ActiveCfg = Debug|Any CPU
		{A09E0A96-FF9F-422C-BEDA-875B95728A02}.Debug|anycpu.Build.0 = Debug|Any CPU
		{A09E0A96-FF9F-422C-BEDA-875B95728A02}.Release|anycpu.ActiveCfg = Release|Any CPU
		{A09E0A96-FF9F-422C-BEDA-875B95728A02}.Release|anycpu.Build.0 = Release|Any CPU
		{AEB4CCC3-48FA-406C-9F24-B69A8576B859}.Debug|anycpu.ActiveCfg = Debug|Any CPU
		{AEB4CCC3-48FA-406C-9F24-B69A8576B859}.Debug|anycpu.Build.0 = Debug|Any CPU
		{AEB4CCC3-48FA-406C-9F24-B69A8576B859}.Release|anycpu.ActiveCfg = Release|Any CPU
		{AEB4CCC3-48FA-406C-9F24-B69A8576B859}.Release|anycpu.Build.0 = Release|Any CPU
	EndGlobalSection
EndGlobal
